
Microsoft Visual Studio Solution File, Format Version 12.00
# Visual Studio 15
VisualStudioVersion = 15.0.27703.2035
MinimumVisualStudioVersion = 10.0.40219.1
Project("{9A19103F-16F7-4668-BE54-9A1E7A4F7556}") = "Ephemeral", "Ephemeral\Ephemeral.csproj", "{A56DA80C-328B-497B-940D-B4945C22BEC5}"
EndProject
Project("{9A19103F-16F7-4668-BE54-9A1E7A4F7556}") = "TSql", "TSql\TSql.csproj", "{59036C22-6B3B-43C8-A0BB-B80577FAAC74}"
EndProject
Project("{FAE04EC0-301F-11D3-BF4B-00C04F79EFBC}") = "TSqlTests", "TSqlTests\TSqlTests.csproj", "{06976D7C-31B2-4F93-8302-4BE5316F4065}"
EndProject
Global
	GlobalSection(SolutionConfigurationPlatforms) = preSolution
		Debug|Any CPU = Debug|Any CPU
		Release|Any CPU = Release|Any CPU
	EndGlobalSection
	GlobalSection(ProjectConfigurationPlatforms) = postSolution
		{A56DA80C-328B-497B-940D-B4945C22BEC5}.Debug|Any CPU.ActiveCfg = Debug|Any CPU
		{A56DA80C-328B-497B-940D-B4945C22BEC5}.Debug|Any CPU.Build.0 = Debug|Any CPU
		{A56DA80C-328B-497B-940D-B4945C22BEC5}.Release|Any CPU.ActiveCfg = Release|Any CPU
		{A56DA80C-328B-497B-940D-B4945C22BEC5}.Release|Any CPU.Build.0 = Release|Any CPU
		{59036C22-6B3B-43C8-A0BB-B80577FAAC74}.Debug|Any CPU.ActiveCfg = Debug|Any CPU
		{59036C22-6B3B-43C8-A0BB-B80577FAAC74}.Debug|Any CPU.Build.0 = Debug|Any CPU
		{59036C22-6B3B-43C8-A0BB-B80577FAAC74}.Release|Any CPU.ActiveCfg = Release|Any CPU
		{59036C22-6B3B-43C8-A0BB-B80577FAAC74}.Release|Any CPU.Build.0 = Release|Any CPU
		{06976D7C-31B2-4F93-8302-4BE5316F4065}.Debug|Any CPU.ActiveCfg = Debug|Any CPU
		{06976D7C-31B2-4F93-8302-4BE5316F4065}.Debug|Any CPU.Build.0 = Debug|Any CPU
		{06976D7C-31B2-4F93-8302-4BE5316F4065}.Release|Any CPU.ActiveCfg = Release|Any CPU
		{06976D7C-31B2-4F93-8302-4BE5316F4065}.Release|Any CPU.Build.0 = Release|Any CPU
	EndGlobalSection
	GlobalSection(SolutionProperties) = preSolution
		HideSolutionNode = FALSE
	EndGlobalSection
	GlobalSection(ExtensibilityGlobals) = postSolution
		SolutionGuid = {9555491E-8BA9-4305-B576-9257A684C141}
	EndGlobalSection
EndGlobal
